
Microsoft Visual Studio Solution File, Format Version 12.00
# Visual Studio Version 16
VisualStudioVersion = 16.0.29409.12
MinimumVisualStudioVersion = 10.0.40219.1
Project("{8BC9CEB8-8B4A-11D0-8D11-00A0C91BC942}") = "RayTracer", "RayTracer\RayTracer.vcxproj", "{998F01A5-F9B4-46F0-A531-6EF96960EA24}"
EndProject
Global
	GlobalSection(SolutionConfigurationPlatforms) = preSolution
		Debug|x64 = Debug|x64
		Debug|x86 = Debug|x86
		Release|x64 = Release|x64
		Release|x86 = Release|x86
	EndGlobalSection
	GlobalSection(ProjectConfigurationPlatforms) = postSolution
		{998F01A5-F9B4-46F0-A531-6EF96960EA24}.Debug|x64.ActiveCfg = Debug|x64
		{998F01A5-F9B4-46F0-A531-6EF96960EA24}.Debug|x64.Build.0 = Debug|x64
		{998F01A5-F9B4-46F0-A531-6EF96960EA24}.Debug|x86.ActiveCfg = Debug|Win32
		{998F01A5-F9B4-46F0-A531-6EF96960EA24}.Debug|x86.Build.0 = Debug|Win32
		{998F01A5-F9B4-46F0-A531-6EF96960EA24}.Release|x64.ActiveCfg = Release|x64
		{998F01A5-F9B4-46F0-A531-6EF96960EA24}.Release|x64.Build.0 = Release|x64
		{998F01A5-F9B4-46F0-A531-6EF96960EA24}.Release|x86.ActiveCfg = Release|Win32
		{998F01A5-F9B4-46F0-A531-6EF96960EA24}.Release|x86.Build.0 = Release|Win32
	EndGlobalSection
	GlobalSection(SolutionProperties) = preSolution
		HideSolutionNode = FALSE
	EndGlobalSection
	GlobalSection(ExtensibilityGlobals) = postSolution
		SolutionGuid = {79622F3A-588C-4067-98EC-655A3DF1744D}
	EndGlobalSection
EndGlobal
